{
  "name": "freelancer-save-parser",
  "version": "1.0.12",
  "lockfileVersion": 3,
  "requires": true,
  "packages": {
    "": {
      "name": "freelancer-save-parser",
      "version": "1.0.12",
      "license": "ISC",
      "dependencies": {
        "@nodecraft/ini": "^2.2.0",
        "freelancer-hash": "^1.0.1"
      }
    },
    "node_modules/@nodecraft/ini": {
      "version": "2.2.1",
      "resolved": "https://registry.npmjs.org/@nodecraft/ini/-/ini-2.2.1.tgz",
      "integrity": "sha512-wdJf/sCIkp5EcfxUxhkJfv/xw+Rsdrsx9cczemlfIyvwXUuHfxWUCzNIr1CmqWZ08oEt9m2qVgzzgHviSO6qPw==",
      "engines": {
        "node": ">=16",
        "npm": ">=8"
      }
    },
    "node_modules/freelancer-hash": {
      "version": "1.0.1",
      "resolved": "https://registry.npmjs.org/freelancer-hash/-/freelancer-hash-1.0.1.tgz",
      "integrity": "sha512-Ub0I7JmoPtvjQlCVs7pI6fp2Uri/oatSP2t7lpWdl1t4a+CyrH0VCGmxfg0D0uUXyb7n13xUN11ARizhRP864g==",
      "dependencies": {
        "@nodecraft/ini": "^2.2.1"
      }
    }
  }
}
